
Microsoft Visual Studio Solution File, Format Version 12.00
# Visual Studio 15
VisualStudioVersion = 15.0.28010.2026
MinimumVisualStudioVersion = 10.0.40219.1
Project("{FAE04EC0-301F-11D3-BF4B-00C04F79EFBC}") = "Task1", "Task1\Task1.csproj", "{3A8EE031-230F-497B-8B96-8FBAC08672C9}"
EndProject
Project("{FAE04EC0-301F-11D3-BF4B-00C04F79EFBC}") = "Task2", "Task2\Task2.csproj", "{B679B3D2-1AC1-428C-8AA1-3010F9026913}"
EndProject
Project("{FAE04EC0-301F-11D3-BF4B-00C04F79EFBC}") = "Task3", "Task3\Task3.csproj", "{E6511C73-15AA-4A13-8362-A0898B728D39}"
EndProject
Project("{FAE04EC0-301F-11D3-BF4B-00C04F79EFBC}") = "Task4", "Task4\Task4.csproj", "{B61A0EDF-7581-40A1-B417-B7A6FE572986}"
EndProject
Project("{FAE04EC0-301F-11D3-BF4B-00C04F79EFBC}") = "Task8", "Task8\Task8.csproj", "{68A05077-3E93-4921-9177-C8AC17C3E3F2}"
EndProject
Global
	GlobalSection(SolutionConfigurationPlatforms) = preSolution
		Debug|Any CPU = Debug|Any CPU
		Release|Any CPU = Release|Any CPU
	EndGlobalSection
	GlobalSection(ProjectConfigurationPlatforms) = postSolution
		{3A8EE031-230F-497B-8B96-8FBAC08672C9}.Debug|Any CPU.ActiveCfg = Debug|Any CPU
		{3A8EE031-230F-497B-8B96-8FBAC08672C9}.Debug|Any CPU.Build.0 = Debug|Any CPU
		{3A8EE031-230F-497B-8B96-8FBAC08672C9}.Release|Any CPU.ActiveCfg = Release|Any CPU
		{3A8EE031-230F-497B-8B96-8FBAC08672C9}.Release|Any CPU.Build.0 = Release|Any CPU
		{B679B3D2-1AC1-428C-8AA1-3010F9026913}.Debug|Any CPU.ActiveCfg = Debug|Any CPU
		{B679B3D2-1AC1-428C-8AA1-3010F9026913}.Debug|Any CPU.Build.0 = Debug|Any CPU
		{B679B3D2-1AC1-428C-8AA1-3010F9026913}.Release|Any CPU.ActiveCfg = Release|Any CPU
		{B679B3D2-1AC1-428C-8AA1-3010F9026913}.Release|Any CPU.Build.0 = Release|Any CPU
		{E6511C73-15AA-4A13-8362-A0898B728D39}.Debug|Any CPU.ActiveCfg = Debug|Any CPU
		{E6511C73-15AA-4A13-8362-A0898B728D39}.Debug|Any CPU.Build.0 = Debug|Any CPU
		{E6511C73-15AA-4A13-8362-A0898B728D39}.Release|Any CPU.ActiveCfg = Release|Any CPU
		{E6511C73-15AA-4A13-8362-A0898B728D39}.Release|Any CPU.Build.0 = Release|Any CPU
		{B61A0EDF-7581-40A1-B417-B7A6FE572986}.Debug|Any CPU.ActiveCfg = Debug|Any CPU
		{B61A0EDF-7581-40A1-B417-B7A6FE572986}.Debug|Any CPU.Build.0 = Debug|Any CPU
		{B61A0EDF-7581-40A1-B417-B7A6FE572986}.Release|Any CPU.ActiveCfg = Release|Any CPU
		{B61A0EDF-7581-40A1-B417-B7A6FE572986}.Release|Any CPU.Build.0 = Release|Any CPU
		{68A05077-3E93-4921-9177-C8AC17C3E3F2}.Debug|Any CPU.ActiveCfg = Debug|Any CPU
		{68A05077-3E93-4921-9177-C8AC17C3E3F2}.Debug|Any CPU.Build.0 = Debug|Any CPU
		{68A05077-3E93-4921-9177-C8AC17C3E3F2}.Release|Any CPU.ActiveCfg = Release|Any CPU
		{68A05077-3E93-4921-9177-C8AC17C3E3F2}.Release|Any CPU.Build.0 = Release|Any CPU
	EndGlobalSection
	GlobalSection(SolutionProperties) = preSolution
		HideSolutionNode = FALSE
	EndGlobalSection
	GlobalSection(ExtensibilityGlobals) = postSolution
		SolutionGuid = {4BE5632E-9AA6-440B-A5E9-3967F9B4C774}
	EndGlobalSection
EndGlobal
